
Microsoft Visual Studio Solution File, Format Version 12.00
# Visual Studio Version 16
VisualStudioVersion = 16.0.31729.503
MinimumVisualStudioVersion = 10.0.40219.1
Project("{FAE04EC0-301F-11D3-BF4B-00C04F79EFBC}") = "FileManagerWpf", "FileManagerWpf\FileManagerWpf.csproj", "{C03FDB72-4704-4525-902B-1A2C87374E94}"
EndProject
Global
	GlobalSection(SolutionConfigurationPlatforms) = preSolution
		Debug|Any CPU = Debug|Any CPU
		Release|Any CPU = Release|Any CPU
	EndGlobalSection
	GlobalSection(ProjectConfigurationPlatforms) = postSolution
		{C03FDB72-4704-4525-902B-1A2C87374E94}.Debug|Any CPU.ActiveCfg = Debug|Any CPU
		{C03FDB72-4704-4525-902B-1A2C87374E94}.Debug|Any CPU.Build.0 = Debug|Any CPU
		{C03FDB72-4704-4525-902B-1A2C87374E94}.Release|Any CPU.ActiveCfg = Release|Any CPU
		{C03FDB72-4704-4525-902B-1A2C87374E94}.Release|Any CPU.Build.0 = Release|Any CPU
	EndGlobalSection
	GlobalSection(SolutionProperties) = preSolution
		HideSolutionNode = FALSE
	EndGlobalSection
	GlobalSection(ExtensibilityGlobals) = postSolution
		SolutionGuid = {7F623A84-DBF0-4E39-94AE-134CCF8C9233}
	EndGlobalSection
EndGlobal
